
Microsoft Visual Studio Solution File, Format Version 12.00
# Visual Studio 15
VisualStudioVersion = 15.0.28010.2026
MinimumVisualStudioVersion = 10.0.40219.1
Project("{FAE04EC0-301F-11D3-BF4B-00C04F79EFBC}") = "MVCMyWebSite", "MVCMyWebSite\MVCMyWebSite.csproj", "{823623E4-4FB6-4121-A6FD-29F2DF0A3D98}"
EndProject
Global
	GlobalSection(SolutionConfigurationPlatforms) = preSolution
		Debug|Any CPU = Debug|Any CPU
		Release|Any CPU = Release|Any CPU
	EndGlobalSection
	GlobalSection(ProjectConfigurationPlatforms) = postSolution
		{823623E4-4FB6-4121-A6FD-29F2DF0A3D98}.Debug|Any CPU.ActiveCfg = Debug|Any CPU
		{823623E4-4FB6-4121-A6FD-29F2DF0A3D98}.Debug|Any CPU.Build.0 = Debug|Any CPU
		{823623E4-4FB6-4121-A6FD-29F2DF0A3D98}.Release|Any CPU.ActiveCfg = Release|Any CPU
		{823623E4-4FB6-4121-A6FD-29F2DF0A3D98}.Release|Any CPU.Build.0 = Release|Any CPU
	EndGlobalSection
	GlobalSection(SolutionProperties) = preSolution
		HideSolutionNode = FALSE
	EndGlobalSection
	GlobalSection(ExtensibilityGlobals) = postSolution
		SolutionGuid = {A92A8FC7-DD24-4CBF-86F7-5B8B1B19F31F}
	EndGlobalSection
EndGlobal
